// !$*UTF8*$!
{
	archiveVersion = 1;
	classes = {
	};
	objectVersion = 55;
	objects = {

/* Begin PBXBuildFile section */
		E1B446BC28B79B54005D6ADD /* SampleAppApp.swift in Sources */ = {isa = PBXBuildFile; fileRef = E1B446BB28B79B54005D6ADD /* SampleAppApp.swift */; };
		E1B446BE28B79B54005D6ADD /* ContentView.swift in Sources */ = {isa = PBXBuildFile; fileRef = E1B446BD28B79B54005D6ADD /* ContentView.swift */; };
		E1B446C028B79B55005D6ADD /* Assets.xcassets in Resources */ = {isa = PBXBuildFile; fileRef = E1B446BF28B79B55005D6ADD /* Assets.xcassets */; };
		E1B446C328B79B55005D6ADD /* Preview Assets.xcassets in Resources */ = {isa = PBXBuildFile; fileRef = E1B446C228B79B55005D6ADD /* Preview Assets.xcassets */; };
		E1B446CD28B79B55005D6ADD /* SampleAppTests.swift in Sources */ = {isa = PBXBuildFile; fileRef = E1B446CC28B79B55005D6ADD /* SampleAppTests.swift */; };
		E1B446D728B79B55005D6ADD /* SampleAppUITests.swift in Sources */ = {isa = PBXBuildFile; fileRef = E1B446D628B79B55005D6ADD /* SampleAppUITests.swift */; };
		E1B446D928B79B55005D6ADD /* SampleAppUITestsLaunchTests.swift in Sources */ = {isa = PBXBuildFile; fileRef = E1B446D828B79B55005D6ADD /* SampleAppUITestsLaunchTests.swift */; };
/* End PBXBuildFile section */

/* Begin PBXContainerItemProxy section */
		E1B446C928B79B55005D6ADD /* PBXContainerItemProxy */ = {
			isa = PBXContainerItemProxy;
			containerPortal = E1B446B028B79B54005D6ADD /* Project object */;
			proxyType = 1;
			remoteGlobalIDString = E1B446B728B79B54005D6ADD;
			remoteInfo = SampleApp;
		};
		E1B446D328B79B55005D6ADD /* PBXContainerItemProxy */ = {
			isa = PBXContainerItemProxy;
			containerPortal = E1B446B028B79B54005D6ADD /* Project object */;
			proxyType = 1;
			remoteGlobalIDString = E1B446B728B79B54005D6ADD;
			remoteInfo = SampleApp;
		};
/* End PBXContainerItemProxy section */

/* Begin PBXFileReference section */
		E1B446B828B79B54005D6ADD /* SampleApp.app */ = {isa = PBXFileReference; explicitFileType = wrapper.application; includeInIndex = 0; path = SampleApp.app; sourceTree = BUILT_PRODUCTS_DIR; };
		E1B446BB28B79B54005D6ADD /* SampleAppApp.swift */ = {isa = PBXFileReference; lastKnownFileType = sourcecode.swift; path = SampleAppApp.swift; sourceTree = "<group>"; };
		E1B446BD28B79B54005D6ADD /* ContentView.swift */ = {isa = PBXFileReference; lastKnownFileType = sourcecode.swift; path = ContentView.swift; sourceTree = "<group>"; };
		E1B446BF28B79B55005D6ADD /* Assets.xcassets */ = {isa = PBXFileReference; lastKnownFileType = folder.assetcatalog; path = Assets.xcassets; sourceTree = "<group>"; };
		E1B446C228B79B55005D6ADD /* Preview Assets.xcassets */ = {isa = PBXFileReference; lastKnownFileType = folder.assetcatalog; path = "Preview Assets.xcassets"; sourceTree = "<group>"; };
		E1B446C828B79B55005D6ADD /* SampleAppTests.xctest */ = {isa = PBXFileReference; explicitFileType = wrapper.cfbundle; includeInIndex = 0; path = SampleAppTests.xctest; sourceTree = BUILT_PRODUCTS_DIR; };
		E1B446CC28B79B55005D6ADD /* SampleAppTests.swift */ = {isa = PBXFileReference; lastKnownFileType = sourcecode.swift; path = SampleAppTests.swift; sourceTree = "<group>"; };
		E1B446D228B79B55005D6ADD /* SampleAppUITests.xctest */ = {isa = PBXFileReference; explicitFileType = wrapper.cfbundle; includeInIndex = 0; path = SampleAppUITests.xctest; sourceTree = BUILT_PRODUCTS_DIR; };
		E1B446D628B79B55005D6ADD /* SampleAppUITests.swift */ = {isa = PBXFileReference; lastKnownFileType = sourcecode.swift; path = SampleAppUITests.swift; sourceTree = "<group>"; };
		E1B446D828B79B55005D6ADD /* SampleAppUITestsLaunchTests.swift */ = {isa = PBXFileReference; lastKnownFileType = sourcecode.swift; path = SampleAppUITestsLaunchTests.swift; sourceTree = "<group>"; };
/* End PBXFileReference section */

/* Begin PBXFrameworksBuildPhase section */
		E1B446B528B79B54005D6ADD /* Frameworks */ = {
			isa = PBXFrameworksBuildPhase;
			buildActionMask = 2147483647;
			files = (
			);
			runOnlyForDeploymentPostprocessing = 0;
		};
		E1B446C528B79B55005D6ADD /* Frameworks */ = {
			isa = PBXFrameworksBuildPhase;
			buildActionMask = 2147483647;
			files = (
			);
			runOnlyForDeploymentPostprocessing = 0;
		};
		E1B446CF28B79B55005D6ADD /* Frameworks */ = {
			isa = PBXFrameworksBuildPhase;
			buildActionMask = 2147483647;
			files = (
			);
			runOnlyForDeploymentPostprocessing = 0;
		};
/* End PBXFrameworksBuildPhase section */

/* Begin PBXGroup section */
		E1B446AF28B79B54005D6ADD = {
			isa = PBXGroup;
			children = (
				E1B446BA28B79B54005D6ADD /* SampleApp */,
				E1B446CB28B79B55005D6ADD /* SampleAppTests */,
				E1B446D528B79B55005D6ADD /* SampleAppUITests */,
				E1B446B928B79B54005D6ADD /* Products */,
			);
			sourceTree = "<group>";
		};
		E1B446B928B79B54005D6ADD /* Products */ = {
			isa = PBXGroup;
			children = (
				E1B446B828B79B54005D6ADD /* SampleApp.app */,
				E1B446C828B79B55005D6ADD /* SampleAppTests.xctest */,
				E1B446D228B79B55005D6ADD /* SampleAppUITests.xctest */,
			);
			name = Products;
			sourceTree = "<group>";
		};
		E1B446BA28B79B54005D6ADD /* SampleApp */ = {
			isa = PBXGroup;
			children = (
				E1B446BB28B79B54005D6ADD /* SampleAppApp.swift */,
				E1B446BD28B79B54005D6ADD /* ContentView.swift */,
				E1B446BF28B79B55005D6ADD /* Assets.xcassets */,
				E1B446C128B79B55005D6ADD /* Preview Content */,
			);
			path = SampleApp;
			sourceTree = "<group>";
		};
		E1B446C128B79B55005D6ADD /* Preview Content */ = {
			isa = PBXGroup;
			children = (
				E1B446C228B79B55005D6ADD /* Preview Assets.xcassets */,
			);
			path = "Preview Content";
			sourceTree = "<group>";
		};
		E1B446CB28B79B55005D6ADD /* SampleAppTests */ = {
			isa = PBXGroup;
			children = (
				E1B446CC28B79B55005D6ADD /* SampleAppTests.swift */,
			);
			path = SampleAppTests;
			sourceTree = "<group>";
		};
		E1B446D528B79B55005D6ADD /* SampleAppUITests */ = {
			isa = PBXGroup;
			children = (
				E1B446D628B79B55005D6ADD /* SampleAppUITests.swift */,
				E1B446D828B79B55005D6ADD /* SampleAppUITestsLaunchTests.swift */,
			);
			path = SampleAppUITests;
			sourceTree = "<group>";
		};
/* End PBXGroup section */

/* Begin PBXNativeTarget section */
		E1B446B728B79B54005D6ADD /* SampleApp */ = {
			isa = PBXNativeTarget;
			buildConfigurationList = E1B446DC28B79B55005D6ADD /* Build configuration list for PBXNativeTarget "SampleApp" */;
			buildPhases = (
				E1B446B428B79B54005D6ADD /* Sources */,
				E1B446B528B79B54005D6ADD /* Frameworks */,
				E1B446B628B79B54005D6ADD /* Resources */,
			);
			buildRules = (
			);
			dependencies = (
			);
			name = SampleApp;
			productName = SampleApp;
			productReference = E1B446B828B79B54005D6ADD /* SampleApp.app */;
			productType = "com.apple.product-type.application";
		};
		E1B446C728B79B55005D6ADD /* SampleAppTests */ = {
			isa = PBXNativeTarget;
			buildConfigurationList = E1B446DF28B79B55005D6ADD /* Build configuration list for PBXNativeTarget "SampleAppTests" */;
			buildPhases = (
				E1B446C428B79B55005D6ADD /* Sources */,
				E1B446C528B79B55005D6ADD /* Frameworks */,
				E1B446C628B79B55005D6ADD /* Resources */,
			);
			buildRules = (
			);
			dependencies = (
				E1B446CA28B79B55005D6ADD /* PBXTargetDependency */,
			);
			name = SampleAppTests;
			productName = SampleAppTests;
			productReference = E1B446C828B79B55005D6ADD /* SampleAppTests.xctest */;
			productType = "com.apple.product-type.bundle.unit-test";
		};
		E1B446D128B79B55005D6ADD /* SampleAppUITests */ = {
			isa = PBXNativeTarget;
			buildConfigurationList = E1B446E228B79B55005D6ADD /* Build configuration list for PBXNativeTarget "SampleAppUITests" */;
			buildPhases = (
				E1B446CE28B79B55005D6ADD /* Sources */,
				E1B446CF28B79B55005D6ADD /* Frameworks */,
				E1B446D028B79B55005D6ADD /* Resources */,
			);
			buildRules = (
			);
			dependencies = (
				E1B446D428B79B55005D6ADD /* PBXTargetDependency */,
			);
			name = SampleAppUITests;
			productName = SampleAppUITests;
			productReference = E1B446D228B79B55005D6ADD /* SampleAppUITests.xctest */;
			productType = "com.apple.product-type.bundle.ui-testing";
		};
/* End PBXNativeTarget section */

/* Begin PBXProject section */
		E1B446B028B79B54005D6ADD /* Project object */ = {
			isa = PBXProject;
			attributes = {
				BuildIndependentTargetsInParallel = 1;
				LastSwiftUpdateCheck = 1340;
				LastUpgradeCheck = 1340;
				TargetAttributes = {
					E1B446B728B79B54005D6ADD = {
						CreatedOnToolsVersion = 13.4;
					};
					E1B446C728B79B55005D6ADD = {
						CreatedOnToolsVersion = 13.4;
						TestTargetID = E1B446B728B79B54005D6ADD;
					};
					E1B446D128B79B55005D6ADD = {
						CreatedOnToolsVersion = 13.4;
						TestTargetID = E1B446B728B79B54005D6ADD;
					};
				};
			};
			buildConfigurationList = E1B446B328B79B54005D6ADD /* Build configuration list for PBXProject "SampleApp" */;
			compatibilityVersion = "Xcode 13.0";
			developmentRegion = en;
			hasScannedForEncodings = 0;
			knownRegions = (
				en,
				Base,
			);
			mainGroup = E1B446AF28B79B54005D6ADD;
			productRefGroup = E1B446B928B79B54005D6ADD /* Products */;
			projectDirPath = "";
			projectRoot = "";
			targets = (
				E1B446B728B79B54005D6ADD /* SampleApp */,
				E1B446C728B79B55005D6ADD /* SampleAppTests */,
				E1B446D128B79B55005D6ADD /* SampleAppUITests */,
			);
		};
/* End PBXProject section */

/* Begin PBXResourcesBuildPhase section */
		E1B446B628B79B54005D6ADD /* Resources */ = {
			isa = PBXResourcesBuildPhase;
			buildActionMask = 2147483647;
			files = (
				E1B446C328B79B55005D6ADD /* Preview Assets.xcassets in Resources */,
				E1B446C028B79B55005D6ADD /* Assets.xcassets in Resources */,
			);
			runOnlyForDeploymentPostprocessing = 0;
		};
		E1B446C628B79B55005D6ADD /* Resources */ = {
			isa = PBXResourcesBuildPhase;
			buildActionMask = 2147483647;
			files = (
			);
			runOnlyForDeploymentPostprocessing = 0;
		};
		E1B446D028B79B55005D6ADD /* Resources */ = {
			isa = PBXResourcesBuildPhase;
			buildActionMask = 2147483647;
			files = (
			);
			runOnlyForDeploymentPostprocessing = 0;
		};
/* End PBXResourcesBuildPhase section */

/* Begin PBXSourcesBuildPhase section */
		E1B446B428B79B54005D6ADD /* Sources */ = {
			isa = PBXSourcesBuildPhase;
			buildActionMask = 2147483647;
			files = (
				E1B446BE28B79B54005D6ADD /* ContentView.swift in Sources */,
				E1B446BC28B79B54005D6ADD /* SampleAppApp.swift in Sources */,
			);
			runOnlyForDeploymentPostprocessing = 0;
		};
		E1B446C428B79B55005D6ADD /* Sources */ = {
			isa = PBXSourcesBuildPhase;
			buildActionMask = 2147483647;
			files = (
				E1B446CD28B79B55005D6ADD /* SampleAppTests.swift in Sources */,
			);
			runOnlyForDeploymentPostprocessing = 0;
		};
		E1B446CE28B79B55005D6ADD /* Sources */ = {
			isa = PBXSourcesBuildPhase;
			buildActionMask = 2147483647;
			files = (
				E1B446D928B79B55005D6ADD /* SampleAppUITestsLaunchTests.swift in Sources */,
				E1B446D728B79B55005D6ADD /* SampleAppUITests.swift in Sources */,
			);
			runOnlyForDeploymentPostprocessing = 0;
		};
/* End PBXSourcesBuildPhase section */

/* Begin PBXTargetDependency section */
		E1B446CA28B79B55005D6ADD /* PBXTargetDependency */ = {
			isa = PBXTargetDependency;
			target = E1B446B728B79B54005D6ADD /* SampleApp */;
			targetProxy = E1B446C928B79B55005D6ADD /* PBXContainerItemProxy */;
		};
		E1B446D428B79B55005D6ADD /* PBXTargetDependency */ = {
			isa = PBXTargetDependency;
			target = E1B446B728B79B54005D6ADD /* SampleApp */;
			targetProxy = E1B446D328B79B55005D6ADD /* PBXContainerItemProxy */;
		};
/* End PBXTargetDependency section */

/* Begin XCBuildConfiguration section */
		E1B446DA28B79B55005D6ADD /* Debug */ = {
			isa = XCBuildConfiguration;
			buildSettings = {
				ALWAYS_SEARCH_USER_PATHS = NO;
				CLANG_ANALYZER_NONNULL = YES;
				CLANG_ANALYZER_NUMBER_OBJECT_CONVERSION = YES_AGGRESSIVE;
				CLANG_CXX_LANGUAGE_STANDARD = "gnu++17";
				CLANG_ENABLE_MODULES = YES;
				CLANG_ENABLE_OBJC_ARC = YES;
				CLANG_ENABLE_OBJC_WEAK = YES;
				CLANG_WARN_BLOCK_CAPTURE_AUTORELEASING = YES;
				CLANG_WARN_BOOL_CONVERSION = YES;
				CLANG_WARN_COMMA = YES;
				CLANG_WARN_CONSTANT_CONVERSION = YES;
				CLANG_WARN_DEPRECATED_OBJC_IMPLEMENTATIONS = YES;
				CLANG_WARN_DIRECT_OBJC_ISA_USAGE = YES_ERROR;
				CLANG_WARN_DOCUMENTATION_COMMENTS = YES;
				CLANG_WARN_EMPTY_BODY = YES;
				CLANG_WARN_ENUM_CONVERSION = YES;
				CLANG_WARN_INFINITE_RECURSION = YES;
				CLANG_WARN_INT_CONVERSION = YES;
				CLANG_WARN_NON_LITERAL_NULL_CONVERSION = YES;
				CLANG_WARN_OBJC_IMPLICIT_RETAIN_SELF = YES;
				CLANG_WARN_OBJC_LITERAL_CONVERSION = YES;
				CLANG_WARN_OBJC_ROOT_CLASS = YES_ERROR;
				CLANG_WARN_QUOTED_INCLUDE_IN_FRAMEWORK_HEADER = YES;
				CLANG_WARN_RANGE_LOOP_ANALYSIS = YES;
				CLANG_WARN_STRICT_PROTOTYPES = YES;
				CLANG_WARN_SUSPICIOUS_MOVE = YES;
				CLANG_WARN_UNGUARDED_AVAILABILITY = YES_AGGRESSIVE;
				CLANG_WARN_UNREACHABLE_CODE = YES;
				CLANG_WARN__DUPLICATE_METHOD_MATCH = YES;
				COPY_PHASE_STRIP = NO;
				DEBUG_INFORMATION_FORMAT = dwarf;
				ENABLE_STRICT_OBJC_MSGSEND = YES;
				ENABLE_TESTABILITY = YES;
				GCC_C_LANGUAGE_STANDARD = gnu11;
				GCC_DYNAMIC_NO_PIC = NO;
				GCC_NO_COMMON_BLOCKS = YES;
				GCC_OPTIMIZATION_LEVEL = 0;
				GCC_PREPROCESSOR_DEFINITIONS = (
					"DEBUG=1",
					"$(inherited)",
				);
				GCC_WARN_64_TO_32_BIT_CONVERSION = YES;
				GCC_WARN_ABOUT_RETURN_TYPE = YES_ERROR;
				GCC_WARN_UNDECLARED_SELECTOR = YES;
				GCC_WARN_UNINITIALIZED_AUTOS = YES_AGGRESSIVE;
				GCC_WARN_UNUSED_FUNCTION = YES;
				GCC_WARN_UNUSED_VARIABLE = YES;
				IPHONEOS_DEPLOYMENT_TARGET = 15.5;
				MTL_ENABLE_DEBUG_INFO = INCLUDE_SOURCE;
				MTL_FAST_MATH = YES;
				ONLY_ACTIVE_ARCH = YES;
				SDKROOT = iphoneos;
				SWIFT_ACTIVE_COMPILATION_CONDITIONS = DEBUG;
				SWIFT_OPTIMIZATION_LEVEL = "-Onone";
			};
			name = Debug;
		};
		E1B446DB28B79B55005D6ADD /* Release */ = {
			isa = XCBuildConfiguration;
			buildSettings = {
				ALWAYS_SEARCH_USER_PATHS = NO;
				CLANG_ANALYZER_NONNULL = YES;
				CLANG_ANALYZER_NUMBER_OBJECT_CONVERSION = YES_AGGRESSIVE;
				CLANG_CXX_LANGUAGE_STANDARD = "gnu++17";
				CLANG_ENABLE_MODULES = YES;
				CLANG_ENABLE_OBJC_ARC = YES;
				CLANG_ENABLE_OBJC_WEAK = YES;
				CLANG_WARN_BLOCK_CAPTURE_AUTORELEASING = YES;
				CLANG_WARN_BOOL_CONVERSION = YES;
				CLANG_WARN_COMMA = YES;
				CLANG_WARN_CONSTANT_CONVERSION = YES;
				CLANG_WARN_DEPRECATED_OBJC_IMPLEMENTATIONS = YES;
				CLANG_WARN_DIRECT_OBJC_ISA_USAGE = YES_ERROR;
				CLANG_WARN_DOCUMENTATION_COMMENTS = YES;
				CLANG_WARN_EMPTY_BODY = YES;
				CLANG_WARN_ENUM_CONVERSION = YES;
				CLANG_WARN_INFINITE_RECURSION = YES;
				CLANG_WARN_INT_CONVERSION = YES;
				CLANG_WARN_NON_LITERAL_NULL_CONVERSION = YES;
				CLANG_WARN_OBJC_IMPLICIT_RETAIN_SELF = YES;
				CLANG_WARN_OBJC_LITERAL_CONVERSION = YES;
				CLANG_WARN_OBJC_ROOT_CLASS = YES_ERROR;
				CLANG_WARN_QUOTED_INCLUDE_IN_FRAMEWORK_HEADER = YES;
				CLANG_WARN_RANGE_LOOP_ANALYSIS = YES;
				CLANG_WARN_STRICT_PROTOTYPES = YES;
				CLANG_WARN_SUSPICIOUS_MOVE = YES;
				CLANG_WARN_UNGUARDED_AVAILABILITY = YES_AGGRESSIVE;
				CLANG_WARN_UNREACHABLE_CODE = YES;
				CLANG_WARN__DUPLICATE_METHOD_MATCH = YES;
				COPY_PHASE_STRIP = NO;
				DEBUG_INFORMATION_FORMAT = "dwarf-with-dsym";
				ENABLE_NS_ASSERTIONS = NO;
				ENABLE_STRICT_OBJC_MSGSEND = YES;
				GCC_C_LANGUAGE_STANDARD = gnu11;
				GCC_NO_COMMON_BLOCKS = YES;
				GCC_WARN_64_TO_32_BIT_CONVERSION = YES;
				GCC_WARN_ABOUT_RETURN_TYPE = YES_ERROR;
				GCC_WARN_UNDECLARED_SELECTOR = YES;
				GCC_WARN_UNINITIALIZED_AUTOS = YES_AGGRESSIVE;
				GCC_WARN_UNUSED_FUNCTION = YES;
				GCC_WARN_UNUSED_VARIABLE = YES;
				IPHONEOS_DEPLOYMENT_TARGET = 15.5;
				MTL_ENABLE_DEBUG_INFO = NO;
				MTL_FAST_MATH = YES;
				SDKROOT = iphoneos;
				SWIFT_COMPILATION_MODE = wholemodule;
				SWIFT_OPTIMIZATION_LEVEL = "-O";
				VALIDATE_PRODUCT = YES;
			};
			name = Release;
		};
		E1B446DD28B79B55005D6ADD /* Debug */ = {
			isa = XCBuildConfiguration;
			buildSettings = {
				ASSETCATALOG_COMPILER_APPICON_NAME = AppIcon;
				ASSETCATALOG_COMPILER_GLOBAL_ACCENT_COLOR_NAME = AccentColor;
				CODE_SIGN_STYLE = Automatic;
				CURRENT_PROJECT_VERSION = 1;
				DEVELOPMENT_ASSET_PATHS = "\"SampleApp/Preview Content\"";
				DEVELOPMENT_TEAM = QHN66A8TTR;
				ENABLE_PREVIEWS = YES;
				GENERATE_INFOPLIST_FILE = YES;
				INFOPLIST_KEY_UIApplicationSceneManifest_Generation = YES;
				INFOPLIST_KEY_UIApplicationSupportsIndirectInputEvents = YES;
				INFOPLIST_KEY_UILaunchScreen_Generation = YES;
				INFOPLIST_KEY_UISupportedInterfaceOrientations_iPad = "UIInterfaceOrientationPortrait UIInterfaceOrientationPortraitUpsideDown UIInterfaceOrientationLandscapeLeft UIInterfaceOrientationLandscapeRight";
				INFOPLIST_KEY_UISupportedInterfaceOrientations_iPhone = "UIInterfaceOrientationPortrait UIInterfaceOrientationLandscapeLeft UIInterfaceOrientationLandscapeRight";
				LD_RUNPATH_SEARCH_PATHS = (
					"$(inherited)",
					"@executable_path/Frameworks",
				);
				MARKETING_VERSION = 1.0;
				PRODUCT_BUNDLE_IDENTIFIER = com.AlexTrott.SampleApp;
				PRODUCT_NAME = "$(TARGET_NAME)";
				SWIFT_EMIT_LOC_STRINGS = YES;
				SWIFT_VERSION = 5.0;
				TARGETED_DEVICE_FAMILY = "1,2";
			};
			name = Debug;
		};
		E1B446DE28B79B55005D6ADD /* Release */ = {
			isa = XCBuildConfiguration;
			buildSettings = {
				ASSETCATALOG_COMPILER_APPICON_NAME = AppIcon;
				ASSETCATALOG_COMPILER_GLOBAL_ACCENT_COLOR_NAME = AccentColor;
				CODE_SIGN_STYLE = Automatic;
				CURRENT_PROJECT_VERSION = 1;
				DEVELOPMENT_ASSET_PATHS = "\"SampleApp/Preview Content\"";
				DEVELOPMENT_TEAM = QHN66A8TTR;
				ENABLE_PREVIEWS = YES;
				GENERATE_INFOPLIST_FILE = YES;
				INFOPLIST_KEY_UIApplicationSceneManifest_Generation = YES;
				INFOPLIST_KEY_UIApplicationSupportsIndirectInputEvents = YES;
				INFOPLIST_KEY_UILaunchScreen_Generation = YES;
				INFOPLIST_KEY_UISupportedInterfaceOrientations_iPad = "UIInterfaceOrientationPortrait UIInterfaceOrientationPortraitUpsideDown UIInterfaceOrientationLandscapeLeft UIInterfaceOrientationLandscapeRight";
				INFOPLIST_KEY_UISupportedInterfaceOrientations_iPhone = "UIInterfaceOrientationPortrait UIInterfaceOrientationLandscapeLeft UIInterfaceOrientationLandscapeRight";
				LD_RUNPATH_SEARCH_PATHS = (
					"$(inherited)",
					"@executable_path/Frameworks",
				);
				MARKETING_VERSION = 1.0;
				PRODUCT_BUNDLE_IDENTIFIER = com.AlexTrott.SampleApp;
				PRODUCT_NAME = "$(TARGET_NAME)";
				SWIFT_EMIT_LOC_STRINGS = YES;
				SWIFT_VERSION = 5.0;
				TARGETED_DEVICE_FAMILY = "1,2";
			};
			name = Release;
		};
		E1B446E028B79B55005D6ADD /* Debug */ = {
			isa = XCBuildConfiguration;
			buildSettings = {
				ALWAYS_EMBED_SWIFT_STANDARD_LIBRARIES = YES;
				BUNDLE_LOADER = "$(TEST_HOST)";
				CODE_SIGN_STYLE = Automatic;
				CURRENT_PROJECT_VERSION = 1;
				DEVELOPMENT_TEAM = QHN66A8TTR;
				GENERATE_INFOPLIST_FILE = YES;
				IPHONEOS_DEPLOYMENT_TARGET = 15.5;
				MARKETING_VERSION = 1.0;
				PRODUCT_BUNDLE_IDENTIFIER = com.AlexTrott.SampleAppTests;
				PRODUCT_NAME = "$(TARGET_NAME)";
				SWIFT_EMIT_LOC_STRINGS = NO;
				SWIFT_VERSION = 5.0;
				TARGETED_DEVICE_FAMILY = "1,2";
				TEST_HOST = "$(BUILT_PRODUCTS_DIR)/SampleApp.app/SampleApp";
			};
			name = Debug;
		};
		E1B446E128B79B55005D6ADD /* Release */ = {
			isa = XCBuildConfiguration;
			buildSettings = {
				ALWAYS_EMBED_SWIFT_STANDARD_LIBRARIES = YES;
				BUNDLE_LOADER = "$(TEST_HOST)";
				CODE_SIGN_STYLE = Automatic;
				CURRENT_PROJECT_VERSION = 1;
				DEVELOPMENT_TEAM = QHN66A8TTR;
				GENERATE_INFOPLIST_FILE = YES;
				IPHONEOS_DEPLOYMENT_TARGET = 15.5;
				MARKETING_VERSION = 1.0;
				PRODUCT_BUNDLE_IDENTIFIER = com.AlexTrott.SampleAppTests;
				PRODUCT_NAME = "$(TARGET_NAME)";
				SWIFT_EMIT_LOC_STRINGS = NO;
				SWIFT_VERSION = 5.0;
				TARGETED_DEVICE_FAMILY = "1,2";
				TEST_HOST = "$(BUILT_PRODUCTS_DIR)/SampleApp.app/SampleApp";
			};
			name = Release;
		};
		E1B446E328B79B55005D6ADD /* Debug */ = {
			isa = XCBuildConfiguration;
			buildSettings = {
				ALWAYS_EMBED_SWIFT_STANDARD_LIBRARIES = YES;
				CODE_SIGN_STYLE = Automatic;
				CURRENT_PROJECT_VERSION = 1;
				DEVELOPMENT_TEAM = QHN66A8TTR;
				GENERATE_INFOPLIST_FILE = YES;
				MARKETING_VERSION = 1.0;
				PRODUCT_BUNDLE_IDENTIFIER = com.AlexTrott.SampleAppUITests;
				PRODUCT_NAME = "$(TARGET_NAME)";
				SWIFT_EMIT_LOC_STRINGS = NO;
				SWIFT_VERSION = 5.0;
				TARGETED_DEVICE_FAMILY = "1,2";
				TEST_TARGET_NAME = SampleApp;
			};
			name = Debug;
		};
		E1B446E428B79B55005D6ADD /* Release */ = {
			isa = XCBuildConfiguration;
			buildSettings = {
				ALWAYS_EMBED_SWIFT_STANDARD_LIBRARIES = YES;
				CODE_SIGN_STYLE = Automatic;
				CURRENT_PROJECT_VERSION = 1;
				DEVELOPMENT_TEAM = QHN66A8TTR;
				GENERATE_INFOPLIST_FILE = YES;
				MARKETING_VERSION = 1.0;
				PRODUCT_BUNDLE_IDENTIFIER = com.AlexTrott.SampleAppUITests;
				PRODUCT_NAME = "$(TARGET_NAME)";
				SWIFT_EMIT_LOC_STRINGS = NO;
				SWIFT_VERSION = 5.0;
				TARGETED_DEVICE_FAMILY = "1,2";
				TEST_TARGET_NAME = SampleApp;
			};
			name = Release;
		};
/* End XCBuildConfiguration section */

/* Begin XCConfigurationList section */
		E1B446B328B79B54005D6ADD /* Build configuration list for PBXProject "SampleApp" */ = {
			isa = XCConfigurationList;
			buildConfigurations = (
				E1B446DA28B79B55005D6ADD /* Debug */,
				E1B446DB28B79B55005D6ADD /* Release */,
			);
			defaultConfigurationIsVisible = 0;
			defaultConfigurationName = Release;
		};
		E1B446DC28B79B55005D6ADD /* Build configuration list for PBXNativeTarget "SampleApp" */ = {
			isa = XCConfigurationList;
			buildConfigurations = (
				E1B446DD28B79B55005D6ADD /* Debug */,
				E1B446DE28B79B55005D6ADD /* Release */,
			);
			defaultConfigurationIsVisible = 0;
			defaultConfigurationName = Release;
		};
		E1B446DF28B79B55005D6ADD /* Build configuration list for PBXNativeTarget "SampleAppTests" */ = {
			isa = XCConfigurationList;
			buildConfigurations = (
				E1B446E028B79B55005D6ADD /* Debug */,
				E1B446E128B79B55005D6ADD /* Release */,
			);
			defaultConfigurationIsVisible = 0;
			defaultConfigurationName = Release;
		};
		E1B446E228B79B55005D6ADD /* Build configuration list for PBXNativeTarget "SampleAppUITests" */ = {
			isa = XCConfigurationList;
			buildConfigurations = (
				E1B446E328B79B55005D6ADD /* Debug */,
				E1B446E428B79B55005D6ADD /* Release */,
			);
			defaultConfigurationIsVisible = 0;
			defaultConfigurationName = Release;
		};
/* End XCConfigurationList section */
	};
	rootObject = E1B446B028B79B54005D6ADD /* Project object */;
}
